{
  "originHash" : "a424959087482923f4067fa941d31cbaeb242714568df78c2660d7a38d4203a3",
  "pins" : [
    {
      "identity" : "swift-argument-parser",
      "kind" : "remoteSourceControl",
      "location" : "https://github.com/apple/swift-argument-parser",
      "state" : {
        "revision" : "6a52f3251125d74daf04fcbd5e6f08a75d074382",
        "version" : "1.8.2"
      }
    },
    {
      "identity" : "swiftterm",
      "kind" : "remoteSourceControl",
      "location" : "https://github.com/kellyredding/SwiftTerm.git",
      "state" : {
        "revision" : "3415b57ecf120f155c7c3b1ac7d458ca95e80b2d",
        "version" : "1.13.0-galactic.9"
      }
    }
  ],
  "version" : 3
}
