{
  "originHash" : "01bb2a832fb5d8a88e8ab92a3d80bf6327adc699038803039fe6e3c609f7f64f",
  "pins" : [
    {
      "identity" : "swift-argument-parser",
      "kind" : "remoteSourceControl",
      "location" : "https://github.com/apple/swift-argument-parser",
      "state" : {
        "revision" : "6a52f3251125d74daf04fcbd5e6f08a75d074382",
        "version" : "1.8.2"
      }
    },
    {
      "identity" : "swiftterm",
      "kind" : "remoteSourceControl",
      "location" : "https://github.com/kellyredding/SwiftTerm.git",
      "state" : {
        "revision" : "8845d85af33a81ed08b071dfb9efc983e2d8ef05",
        "version" : "1.13.0-galactic.11"
      }
    }
  ],
  "version" : 3
}
